
Microsoft Visual Studio Solution File, Format Version 12.00
# Visual Studio 2012
Project("{FAE04EC0-301F-11D3-BF4B-00C04F79EFBC}") = "PokemonEVCalculator", "MobileAppClass\PokemonEVCalculator.csproj", "{04E1DEB1-EC92-408A-842E-0BA88672A1E1}"
EndProject
Global
	GlobalSection(SolutionConfigurationPlatforms) = preSolution
		Debug|iPhoneSimulator = Debug|iPhoneSimulator
		Release|iPhone = Release|iPhone
		Release|iPhoneSimulator = Release|iPhoneSimulator
		Debug|iPhone = Debug|iPhone
	EndGlobalSection
	GlobalSection(ProjectConfigurationPlatforms) = postSolution
		{04E1DEB1-EC92-408A-842E-0BA88672A1E1}.Debug|iPhoneSimulator.ActiveCfg = Debug|iPhoneSimulator
		{04E1DEB1-EC92-408A-842E-0BA88672A1E1}.Debug|iPhoneSimulator.Build.0 = Debug|iPhoneSimulator
		{04E1DEB1-EC92-408A-842E-0BA88672A1E1}.Release|iPhone.ActiveCfg = Release|iPhone
		{04E1DEB1-EC92-408A-842E-0BA88672A1E1}.Release|iPhone.Build.0 = Release|iPhone
		{04E1DEB1-EC92-408A-842E-0BA88672A1E1}.Release|iPhoneSimulator.ActiveCfg = Release|iPhoneSimulator
		{04E1DEB1-EC92-408A-842E-0BA88672A1E1}.Release|iPhoneSimulator.Build.0 = Release|iPhoneSimulator
		{04E1DEB1-EC92-408A-842E-0BA88672A1E1}.Debug|iPhone.ActiveCfg = Debug|iPhone
		{04E1DEB1-EC92-408A-842E-0BA88672A1E1}.Debug|iPhone.Build.0 = Debug|iPhone
	EndGlobalSection
EndGlobal
